# This file was autogenerated by Stack.
# You should not edit this file by hand.
# For more information, please see the documentation at:
#   https://docs.haskellstack.org/en/stable/lock_files

packages:
- completed:
    hackage: galois-field-0.4.1@sha256:c3a847c545e10e6ed29198f00fd407b0f2a1a399e794f1fbb065fb4332f13360,3175
    pantry-tree:
      size: 1130
      sha256: b1d8c24bc09d317bb7e72bab69dc02b415ebb306c1bc6c4bcbc2e465d245e989
  original:
    hackage: galois-field-0.4.1
- completed:
    hackage: elliptic-curve-0.2.2@sha256:f77334e9a9e857ddf231bbb7547ebb931d803558a5471614e1d2c6e2e90bc487,11928
    pantry-tree:
      size: 9071
      sha256: 70783c3c93699ce6da7ca3bd0df694942022f71823c89556b87e28fa087cff17
  original:
    hackage: elliptic-curve-0.2.2
- completed:
    hackage: poly-0.3.1.0@sha256:3e015e84d304c4197a2cff4a78400ed619eb850922d566028edb6c7254f2095f,1875
    pantry-tree:
      size: 1466
      sha256: ee6b1de208cdd7a621e3138fe3507f4a97d26ce3c47fe20021c1de75d3fddf29
  original:
    hackage: poly-0.3.1.0
- completed:
    hackage: semirings-0.4.2@sha256:7803a3bd8add49c375da59d456b59e32ea02a88ac1a1d71132420e4c976333f3,3750
    pantry-tree:
      size: 555
      sha256: dcf5c467c4005b567d409c3fe74aa233a6a9313a3693716eeee9ddafbd953f87
  original:
    hackage: semirings-0.4.2
snapshots:
- completed:
    size: 498155
    url: https://raw.githubusercontent.com/commercialhaskell/stackage-snapshots/master/lts/13/19.yaml
    sha256: b9367a80d4393d02e58a46b8a9fdfbd7bc19f59c0c2bbf90034ba15cf52cf213
  original: lts-13.19
