# This file was autogenerated by Stack.
# You should not edit this file by hand.
# For more information, please see the documentation at:
#   https://docs.haskellstack.org/en/stable/lock_files

packages:
- completed:
    hackage: elliptic-curve-0.3.0@sha256:7d314ff56011de62370bdd1b840866d1e5ce061972e54be673f5768cbf8d3d42,7072
    pantry-tree:
      size: 9500
      sha256: 650191792bfc8b119e8a0ab1103383ddfa395ed692573519c27cc3d198089cb5
  original:
    hackage: elliptic-curve-0.3.0
- completed:
    hackage: galois-field-1.0.0@sha256:d44007898c07a6c913a38f78e7246c7785ae3052ca55ad713783345d06a28419,3470
    pantry-tree:
      size: 1444
      sha256: 1b265e1c3062a06a48a535c1681a954c26bee5959a42e97fc0e4fd8b5a90849f
  original:
    hackage: galois-field-1.0.0
- completed:
    hackage: poly-0.3.2.0@sha256:58492507d2bfb74c2d45c34a61438153f3a5cfb658154a7a504cf4397eb39d6d,2028
    pantry-tree:
      size: 1451
      sha256: fbd14e37c925471ae2eebf81b44f007a629f092e2754c2b3fe1045df6d4c4844
  original:
    hackage: poly-0.3.2.0
- completed:
    hackage: semirings-0.5.1@sha256:597e4070dcb75c3e347566114e140ba343843f80f3e16a456bb2e9e9d1d09430,3743
    pantry-tree:
      size: 610
      sha256: cc4e01176f1a56c97dc923416a6939dcdc004584cccf8a2b1c67bd156b31179a
  original:
    hackage: semirings-0.5.1
- completed:
    hackage: vector-algorithms-0.8.0.3@sha256:477ef5ac82fdd28a39536ed0a767faec3425802827abee485be31db5bc6f5e90,3488
    pantry-tree:
      size: 1439
      sha256: 9f04ef44c2459a122f2d5c093b4a9ebc47aaa00284a7bff9793fee7c6783f979
  original:
    hackage: vector-algorithms-0.8.0.3
snapshots:
- completed:
    size: 524804
    url: https://raw.githubusercontent.com/commercialhaskell/stackage-snapshots/master/lts/14/16.yaml
    sha256: 4d1519a4372d051d47a5eae2241cf3fb54e113d7475f89707ddb6ec06add2888
  original: lts-14.16
